// !$*UTF8*$!
{
	archiveVersion = 1;
	classes = {
	};
	objectVersion = 50;
	objects = {

/* Begin PBXBuildFile section */
		EE469A5F2614D0B200DF1112 /* AppDelegate.swift in Sources */ = {isa = PBXBuildFile; fileRef = EE469A5E2614D0B200DF1112 /* AppDelegate.swift */; };
		EE469A612614D0B200DF1112 /* SceneDelegate.swift in Sources */ = {isa = PBXBuildFile; fileRef = EE469A602614D0B200DF1112 /* SceneDelegate.swift */; };
		EE469A632614D0B200DF1112 /* LoginViewController.swift in Sources */ = {isa = PBXBuildFile; fileRef = EE469A622614D0B200DF1112 /* LoginViewController.swift */; };
		EE469A662614D0B200DF1112 /* Main.storyboard in Resources */ = {isa = PBXBuildFile; fileRef = EE469A642614D0B200DF1112 /* Main.storyboard */; };
		EE469A682614D0B200DF1112 /* Assets.xcassets in Resources */ = {isa = PBXBuildFile; fileRef = EE469A672614D0B200DF1112 /* Assets.xcassets */; };
		EE469A6B2614D0B200DF1112 /* LaunchScreen.storyboard in Resources */ = {isa = PBXBuildFile; fileRef = EE469A692614D0B200DF1112 /* LaunchScreen.storyboard */; };
		EE469A792614DAAF00DF1112 /* WelcomeViewController.swift in Sources */ = {isa = PBXBuildFile; fileRef = EE469A782614DAAF00DF1112 /* WelcomeViewController.swift */; };
		EE98919C2618B48600A60EFD /* AboutMeViewController.swift in Sources */ = {isa = PBXBuildFile; fileRef = EE98919B2618B48600A60EFD /* AboutMeViewController.swift */; };
		EEA8CC66261897200082899A /* User.swift in Sources */ = {isa = PBXBuildFile; fileRef = EEA8CC65261897200082899A /* User.swift */; };
/* End PBXBuildFile section */

/* Begin PBXFileReference section */
		EE469A5B2614D0B200DF1112 /* User App.app */ = {isa = PBXFileReference; explicitFileType = wrapper.application; includeInIndex = 0; path = "User App.app"; sourceTree = BUILT_PRODUCTS_DIR; };
		EE469A5E2614D0B200DF1112 /* AppDelegate.swift */ = {isa = PBXFileReference; lastKnownFileType = sourcecode.swift; path = AppDelegate.swift; sourceTree = "<group>"; };
		EE469A602614D0B200DF1112 /* SceneDelegate.swift */ = {isa = PBXFileReference; lastKnownFileType = sourcecode.swift; path = SceneDelegate.swift; sourceTree = "<group>"; };
		EE469A622614D0B200DF1112 /* LoginViewController.swift */ = {isa = PBXFileReference; lastKnownFileType = sourcecode.swift; path = LoginViewController.swift; sourceTree = "<group>"; };
		EE469A652614D0B200DF1112 /* Base */ = {isa = PBXFileReference; lastKnownFileType = file.storyboard; name = Base; path = Base.lproj/Main.storyboard; sourceTree = "<group>"; };
		EE469A672614D0B200DF1112 /* Assets.xcassets */ = {isa = PBXFileReference; lastKnownFileType = folder.assetcatalog; path = Assets.xcassets; sourceTree = "<group>"; };
		EE469A6A2614D0B200DF1112 /* Base */ = {isa = PBXFileReference; lastKnownFileType = file.storyboard; name = Base; path = Base.lproj/LaunchScreen.storyboard; sourceTree = "<group>"; };
		EE469A6C2614D0B200DF1112 /* Info.plist */ = {isa = PBXFileReference; lastKnownFileType = text.plist.xml; path = Info.plist; sourceTree = "<group>"; };
		EE469A782614DAAF00DF1112 /* WelcomeViewController.swift */ = {isa = PBXFileReference; lastKnownFileType = sourcecode.swift; path = WelcomeViewController.swift; sourceTree = "<group>"; };
		EE98919B2618B48600A60EFD /* AboutMeViewController.swift */ = {isa = PBXFileReference; lastKnownFileType = sourcecode.swift; path = AboutMeViewController.swift; sourceTree = "<group>"; };
		EEA8CC65261897200082899A /* User.swift */ = {isa = PBXFileReference; lastKnownFileType = sourcecode.swift; path = User.swift; sourceTree = "<group>"; };
/* End PBXFileReference section */

/* Begin PBXFrameworksBuildPhase section */
		EE469A582614D0B200DF1112 /* Frameworks */ = {
			isa = PBXFrameworksBuildPhase;
			buildActionMask = 2147483647;
			files = (
			);
			runOnlyForDeploymentPostprocessing = 0;
		};
/* End PBXFrameworksBuildPhase section */

/* Begin PBXGroup section */
		EE469A522614D0B200DF1112 = {
			isa = PBXGroup;
			children = (
				EE469A5D2614D0B200DF1112 /* User App */,
				EE469A5C2614D0B200DF1112 /* Products */,
			);
			sourceTree = "<group>";
		};
		EE469A5C2614D0B200DF1112 /* Products */ = {
			isa = PBXGroup;
			children = (
				EE469A5B2614D0B200DF1112 /* User App.app */,
			);
			name = Products;
			sourceTree = "<group>";
		};
		EE469A5D2614D0B200DF1112 /* User App */ = {
			isa = PBXGroup;
			children = (
				EEA8CC5A26188E150082899A /* ViewControllers */,
				EEA8CC5E26188E490082899A /* Models */,
				EEA8CC5F26188E5B0082899A /* Storyboards */,
				EEA8CC6126188E8F0082899A /* Supporting */,
				EEA8CC6026188E700082899A /* Resources */,
			);
			path = "User App";
			sourceTree = "<group>";
		};
		EEA8CC5A26188E150082899A /* ViewControllers */ = {
			isa = PBXGroup;
			children = (
				EE469A622614D0B200DF1112 /* LoginViewController.swift */,
				EE469A782614DAAF00DF1112 /* WelcomeViewController.swift */,
				EE98919B2618B48600A60EFD /* AboutMeViewController.swift */,
			);
			path = ViewControllers;
			sourceTree = "<group>";
		};
		EEA8CC5E26188E490082899A /* Models */ = {
			isa = PBXGroup;
			children = (
				EEA8CC65261897200082899A /* User.swift */,
			);
			path = Models;
			sourceTree = "<group>";
		};
		EEA8CC5F26188E5B0082899A /* Storyboards */ = {
			isa = PBXGroup;
			children = (
				EE469A642614D0B200DF1112 /* Main.storyboard */,
				EE469A692614D0B200DF1112 /* LaunchScreen.storyboard */,
			);
			path = Storyboards;
			sourceTree = "<group>";
		};
		EEA8CC6026188E700082899A /* Resources */ = {
			isa = PBXGroup;
			children = (
				EE469A672614D0B200DF1112 /* Assets.xcassets */,
			);
			path = Resources;
			sourceTree = "<group>";
		};
		EEA8CC6126188E8F0082899A /* Supporting */ = {
			isa = PBXGroup;
			children = (
				EE469A5E2614D0B200DF1112 /* AppDelegate.swift */,
				EE469A602614D0B200DF1112 /* SceneDelegate.swift */,
				EE469A6C2614D0B200DF1112 /* Info.plist */,
			);
			path = Supporting;
			sourceTree = "<group>";
		};
/* End PBXGroup section */

/* Begin PBXNativeTarget section */
		EE469A5A2614D0B200DF1112 /* User App */ = {
			isa = PBXNativeTarget;
			buildConfigurationList = EE469A6F2614D0B200DF1112 /* Build configuration list for PBXNativeTarget "User App" */;
			buildPhases = (
				EE469A572614D0B200DF1112 /* Sources */,
				EE469A582614D0B200DF1112 /* Frameworks */,
				EE469A592614D0B200DF1112 /* Resources */,
			);
			buildRules = (
			);
			dependencies = (
			);
			name = "User App";
			productName = "User App";
			productReference = EE469A5B2614D0B200DF1112 /* User App.app */;
			productType = "com.apple.product-type.application";
		};
/* End PBXNativeTarget section */

/* Begin PBXProject section */
		EE469A532614D0B200DF1112 /* Project object */ = {
			isa = PBXProject;
			attributes = {
				LastSwiftUpdateCheck = 1240;
				LastUpgradeCheck = 1240;
				TargetAttributes = {
					EE469A5A2614D0B200DF1112 = {
						CreatedOnToolsVersion = 12.4;
					};
				};
			};
			buildConfigurationList = EE469A562614D0B200DF1112 /* Build configuration list for PBXProject "User App" */;
			compatibilityVersion = "Xcode 9.3";
			developmentRegion = en;
			hasScannedForEncodings = 0;
			knownRegions = (
				en,
				Base,
			);
			mainGroup = EE469A522614D0B200DF1112;
			productRefGroup = EE469A5C2614D0B200DF1112 /* Products */;
			projectDirPath = "";
			projectRoot = "";
			targets = (
				EE469A5A2614D0B200DF1112 /* User App */,
			);
		};
/* End PBXProject section */

/* Begin PBXResourcesBuildPhase section */
		EE469A592614D0B200DF1112 /* Resources */ = {
			isa = PBXResourcesBuildPhase;
			buildActionMask = 2147483647;
			files = (
				EE469A6B2614D0B200DF1112 /* LaunchScreen.storyboard in Resources */,
				EE469A682614D0B200DF1112 /* Assets.xcassets in Resources */,
				EE469A662614D0B200DF1112 /* Main.storyboard in Resources */,
			);
			runOnlyForDeploymentPostprocessing = 0;
		};
/* End PBXResourcesBuildPhase section */

/* Begin PBXSourcesBuildPhase section */
		EE469A572614D0B200DF1112 /* Sources */ = {
			isa = PBXSourcesBuildPhase;
			buildActionMask = 2147483647;
			files = (
				EE469A792614DAAF00DF1112 /* WelcomeViewController.swift in Sources */,
				EE469A632614D0B200DF1112 /* LoginViewController.swift in Sources */,
				EE469A5F2614D0B200DF1112 /* AppDelegate.swift in Sources */,
				EEA8CC66261897200082899A /* User.swift in Sources */,
				EE98919C2618B48600A60EFD /* AboutMeViewController.swift in Sources */,
				EE469A612614D0B200DF1112 /* SceneDelegate.swift in Sources */,
			);
			runOnlyForDeploymentPostprocessing = 0;
		};
/* End PBXSourcesBuildPhase section */

/* Begin PBXVariantGroup section */
		EE469A642614D0B200DF1112 /* Main.storyboard */ = {
			isa = PBXVariantGroup;
			children = (
				EE469A652614D0B200DF1112 /* Base */,
			);
			name = Main.storyboard;
			sourceTree = "<group>";
		};
		EE469A692614D0B200DF1112 /* LaunchScreen.storyboard */ = {
			isa = PBXVariantGroup;
			children = (
				EE469A6A2614D0B200DF1112 /* Base */,
			);
			name = LaunchScreen.storyboard;
			sourceTree = "<group>";
		};
/* End PBXVariantGroup section */

/* Begin XCBuildConfiguration section */
		EE469A6D2614D0B200DF1112 /* Debug */ = {
			isa = XCBuildConfiguration;
			buildSettings = {
				ALWAYS_SEARCH_USER_PATHS = NO;
				CLANG_ANALYZER_NONNULL = YES;
				CLANG_ANALYZER_NUMBER_OBJECT_CONVERSION = YES_AGGRESSIVE;
				CLANG_CXX_LANGUAGE_STANDARD = "gnu++14";
				CLANG_CXX_LIBRARY = "libc++";
				CLANG_ENABLE_MODULES = YES;
				CLANG_ENABLE_OBJC_ARC = YES;
				CLANG_ENABLE_OBJC_WEAK = YES;
				CLANG_WARN_BLOCK_CAPTURE_AUTORELEASING = YES;
				CLANG_WARN_BOOL_CONVERSION = YES;
				CLANG_WARN_COMMA = YES;
				CLANG_WARN_CONSTANT_CONVERSION = YES;
				CLANG_WARN_DEPRECATED_OBJC_IMPLEMENTATIONS = YES;
				CLANG_WARN_DIRECT_OBJC_ISA_USAGE = YES_ERROR;
				CLANG_WARN_DOCUMENTATION_COMMENTS = YES;
				CLANG_WARN_EMPTY_BODY = YES;
				CLANG_WARN_ENUM_CONVERSION = YES;
				CLANG_WARN_INFINITE_RECURSION = YES;
				CLANG_WARN_INT_CONVERSION = YES;
				CLANG_WARN_NON_LITERAL_NULL_CONVERSION = YES;
				CLANG_WARN_OBJC_IMPLICIT_RETAIN_SELF = YES;
				CLANG_WARN_OBJC_LITERAL_CONVERSION = YES;
				CLANG_WARN_OBJC_ROOT_CLASS = YES_ERROR;
				CLANG_WARN_QUOTED_INCLUDE_IN_FRAMEWORK_HEADER = YES;
				CLANG_WARN_RANGE_LOOP_ANALYSIS = YES;
				CLANG_WARN_STRICT_PROTOTYPES = YES;
				CLANG_WARN_SUSPICIOUS_MOVE = YES;
				CLANG_WARN_UNGUARDED_AVAILABILITY = YES_AGGRESSIVE;
				CLANG_WARN_UNREACHABLE_CODE = YES;
				CLANG_WARN__DUPLICATE_METHOD_MATCH = YES;
				COPY_PHASE_STRIP = NO;
				DEBUG_INFORMATION_FORMAT = dwarf;
				ENABLE_STRICT_OBJC_MSGSEND = YES;
				ENABLE_TESTABILITY = YES;
				GCC_C_LANGUAGE_STANDARD = gnu11;
				GCC_DYNAMIC_NO_PIC = NO;
				GCC_NO_COMMON_BLOCKS = YES;
				GCC_OPTIMIZATION_LEVEL = 0;
				GCC_PREPROCESSOR_DEFINITIONS = (
					"DEBUG=1",
					"$(inherited)",
				);
				GCC_WARN_64_TO_32_BIT_CONVERSION = YES;
				GCC_WARN_ABOUT_RETURN_TYPE = YES_ERROR;
				GCC_WARN_UNDECLARED_SELECTOR = YES;
				GCC_WARN_UNINITIALIZED_AUTOS = YES_AGGRESSIVE;
				GCC_WARN_UNUSED_FUNCTION = YES;
				GCC_WARN_UNUSED_VARIABLE = YES;
				IPHONEOS_DEPLOYMENT_TARGET = 14.4;
				MTL_ENABLE_DEBUG_INFO = INCLUDE_SOURCE;
				MTL_FAST_MATH = YES;
				ONLY_ACTIVE_ARCH = YES;
				SDKROOT = iphoneos;
				SWIFT_ACTIVE_COMPILATION_CONDITIONS = DEBUG;
				SWIFT_OPTIMIZATION_LEVEL = "-Onone";
			};
			name = Debug;
		};
		EE469A6E2614D0B200DF1112 /* Release */ = {
			isa = XCBuildConfiguration;
			buildSettings = {
				ALWAYS_SEARCH_USER_PATHS = NO;
				CLANG_ANALYZER_NONNULL = YES;
				CLANG_ANALYZER_NUMBER_OBJECT_CONVERSION = YES_AGGRESSIVE;
				CLANG_CXX_LANGUAGE_STANDARD = "gnu++14";
				CLANG_CXX_LIBRARY = "libc++";
				CLANG_ENABLE_MODULES = YES;
				CLANG_ENABLE_OBJC_ARC = YES;
				CLANG_ENABLE_OBJC_WEAK = YES;
				CLANG_WARN_BLOCK_CAPTURE_AUTORELEASING = YES;
				CLANG_WARN_BOOL_CONVERSION = YES;
				CLANG_WARN_COMMA = YES;
				CLANG_WARN_CONSTANT_CONVERSION = YES;
				CLANG_WARN_DEPRECATED_OBJC_IMPLEMENTATIONS = YES;
				CLANG_WARN_DIRECT_OBJC_ISA_USAGE = YES_ERROR;
				CLANG_WARN_DOCUMENTATION_COMMENTS = YES;
				CLANG_WARN_EMPTY_BODY = YES;
				CLANG_WARN_ENUM_CONVERSION = YES;
				CLANG_WARN_INFINITE_RECURSION = YES;
				CLANG_WARN_INT_CONVERSION = YES;
				CLANG_WARN_NON_LITERAL_NULL_CONVERSION = YES;
				CLANG_WARN_OBJC_IMPLICIT_RETAIN_SELF = YES;
				CLANG_WARN_OBJC_LITERAL_CONVERSION = YES;
				CLANG_WARN_OBJC_ROOT_CLASS = YES_ERROR;
				CLANG_WARN_QUOTED_INCLUDE_IN_FRAMEWORK_HEADER = YES;
				CLANG_WARN_RANGE_LOOP_ANALYSIS = YES;
				CLANG_WARN_STRICT_PROTOTYPES = YES;
				CLANG_WARN_SUSPICIOUS_MOVE = YES;
				CLANG_WARN_UNGUARDED_AVAILABILITY = YES_AGGRESSIVE;
				CLANG_WARN_UNREACHABLE_CODE = YES;
				CLANG_WARN__DUPLICATE_METHOD_MATCH = YES;
				COPY_PHASE_STRIP = NO;
				DEBUG_INFORMATION_FORMAT = "dwarf-with-dsym";
				ENABLE_NS_ASSERTIONS = NO;
				ENABLE_STRICT_OBJC_MSGSEND = YES;
				GCC_C_LANGUAGE_STANDARD = gnu11;
				GCC_NO_COMMON_BLOCKS = YES;
				GCC_WARN_64_TO_32_BIT_CONVERSION = YES;
				GCC_WARN_ABOUT_RETURN_TYPE = YES_ERROR;
				GCC_WARN_UNDECLARED_SELECTOR = YES;
				GCC_WARN_UNINITIALIZED_AUTOS = YES_AGGRESSIVE;
				GCC_WARN_UNUSED_FUNCTION = YES;
				GCC_WARN_UNUSED_VARIABLE = YES;
				IPHONEOS_DEPLOYMENT_TARGET = 14.4;
				MTL_ENABLE_DEBUG_INFO = NO;
				MTL_FAST_MATH = YES;
				SDKROOT = iphoneos;
				SWIFT_COMPILATION_MODE = wholemodule;
				SWIFT_OPTIMIZATION_LEVEL = "-O";
				VALIDATE_PRODUCT = YES;
			};
			name = Release;
		};
		EE469A702614D0B200DF1112 /* Debug */ = {
			isa = XCBuildConfiguration;
			buildSettings = {
				ASSETCATALOG_COMPILER_APPICON_NAME = AppIcon;
				ASSETCATALOG_COMPILER_GLOBAL_ACCENT_COLOR_NAME = AccentColor;
				CODE_SIGN_STYLE = Automatic;
				INFOPLIST_FILE = "User App/Supporting/Info.plist";
				LD_RUNPATH_SEARCH_PATHS = (
					"$(inherited)",
					"@executable_path/Frameworks",
				);
				PRODUCT_BUNDLE_IDENTIFIER = "GE-Developer.User-App";
				PRODUCT_NAME = "$(TARGET_NAME)";
				SWIFT_VERSION = 5.0;
				TARGETED_DEVICE_FAMILY = 1;
			};
			name = Debug;
		};
		EE469A712614D0B200DF1112 /* Release */ = {
			isa = XCBuildConfiguration;
			buildSettings = {
				ASSETCATALOG_COMPILER_APPICON_NAME = AppIcon;
				ASSETCATALOG_COMPILER_GLOBAL_ACCENT_COLOR_NAME = AccentColor;
				CODE_SIGN_STYLE = Automatic;
				INFOPLIST_FILE = "User App/Supporting/Info.plist";
				LD_RUNPATH_SEARCH_PATHS = (
					"$(inherited)",
					"@executable_path/Frameworks",
				);
				PRODUCT_BUNDLE_IDENTIFIER = "GE-Developer.User-App";
				PRODUCT_NAME = "$(TARGET_NAME)";
				SWIFT_VERSION = 5.0;
				TARGETED_DEVICE_FAMILY = 1;
			};
			name = Release;
		};
/* End XCBuildConfiguration section */

/* Begin XCConfigurationList section */
		EE469A562614D0B200DF1112 /* Build configuration list for PBXProject "User App" */ = {
			isa = XCConfigurationList;
			buildConfigurations = (
				EE469A6D2614D0B200DF1112 /* Debug */,
				EE469A6E2614D0B200DF1112 /* Release */,
			);
			defaultConfigurationIsVisible = 0;
			defaultConfigurationName = Release;
		};
		EE469A6F2614D0B200DF1112 /* Build configuration list for PBXNativeTarget "User App" */ = {
			isa = XCConfigurationList;
			buildConfigurations = (
				EE469A702614D0B200DF1112 /* Debug */,
				EE469A712614D0B200DF1112 /* Release */,
			);
			defaultConfigurationIsVisible = 0;
			defaultConfigurationName = Release;
		};
/* End XCConfigurationList section */
	};
	rootObject = EE469A532614D0B200DF1112 /* Project object */;
}
